// !$*UTF8*$!
{
	archiveVersion = 1;
	classes = {
	};
	objectVersion = 55;
	objects = {

/* Begin PBXBuildFile section */
		09275BB727DCB34500E8F7E6 /* AppDelegate.swift in Sources */ = {isa = PBXBuildFile; fileRef = 09275BB627DCB34500E8F7E6 /* AppDelegate.swift */; };
		09275BC027DCB34600E8F7E6 /* Assets.xcassets in Resources */ = {isa = PBXBuildFile; fileRef = 09275BBF27DCB34600E8F7E6 /* Assets.xcassets */; };
		09275BC327DCB34600E8F7E6 /* LaunchScreen.storyboard in Resources */ = {isa = PBXBuildFile; fileRef = 09275BC127DCB34600E8F7E6 /* LaunchScreen.storyboard */; };
		09275BCE27DCB34600E8F7E6 /* FeedAppTests.swift in Sources */ = {isa = PBXBuildFile; fileRef = 09275BCD27DCB34600E8F7E6 /* FeedAppTests.swift */; };
		09275BD827DCB34600E8F7E6 /* FeedAppUITests.swift in Sources */ = {isa = PBXBuildFile; fileRef = 09275BD727DCB34600E8F7E6 /* FeedAppUITests.swift */; };
		09275BDA27DCB34600E8F7E6 /* FeedAppUITestsLaunchTests.swift in Sources */ = {isa = PBXBuildFile; fileRef = 09275BD927DCB34600E8F7E6 /* FeedAppUITestsLaunchTests.swift */; };
		09275BEF27DCFB8E00E8F7E6 /* AppViewController.swift in Sources */ = {isa = PBXBuildFile; fileRef = 09275BEE27DCFB8E00E8F7E6 /* AppViewController.swift */; };
		09275BF227DCFE9E00E8F7E6 /* LoginViewController.swift in Sources */ = {isa = PBXBuildFile; fileRef = 09275BF027DCFE9E00E8F7E6 /* LoginViewController.swift */; };
		09275BF327DCFE9E00E8F7E6 /* LoginViewController.xib in Resources */ = {isa = PBXBuildFile; fileRef = 09275BF127DCFE9E00E8F7E6 /* LoginViewController.xib */; };
		09275BF827DD08AF00E8F7E6 /* UIViewController+Extensions.swift in Sources */ = {isa = PBXBuildFile; fileRef = 09275BF727DD08AF00E8F7E6 /* UIViewController+Extensions.swift */; };
		09275BFA27DD27B800E8F7E6 /* ServiceLayer.swift in Sources */ = {isa = PBXBuildFile; fileRef = 09275BF927DD27B800E8F7E6 /* ServiceLayer.swift */; };
		09275BFC27DD27C800E8F7E6 /* AuthService.swift in Sources */ = {isa = PBXBuildFile; fileRef = 09275BFB27DD27C800E8F7E6 /* AuthService.swift */; };
		09275BFE27DD29B900E8F7E6 /* Constants.swift in Sources */ = {isa = PBXBuildFile; fileRef = 09275BFD27DD29B900E8F7E6 /* Constants.swift */; };
		09275C0127DD3CFA00E8F7E6 /* AuthResponse.swift in Sources */ = {isa = PBXBuildFile; fileRef = 09275C0027DD3CFA00E8F7E6 /* AuthResponse.swift */; };
		09275C0327DD3D1800E8F7E6 /* APIError.swift in Sources */ = {isa = PBXBuildFile; fileRef = 09275C0227DD3D1800E8F7E6 /* APIError.swift */; };
		09702AA427DE03A7008692ED /* FeedViewController.swift in Sources */ = {isa = PBXBuildFile; fileRef = 09702AA227DE03A7008692ED /* FeedViewController.swift */; };
		09702AA527DE03A7008692ED /* FeedViewController.xib in Resources */ = {isa = PBXBuildFile; fileRef = 09702AA327DE03A7008692ED /* FeedViewController.xib */; };
		09702AA927DE1610008692ED /* FeedService.swift in Sources */ = {isa = PBXBuildFile; fileRef = 09702AA827DE1610008692ED /* FeedService.swift */; };
		09702AAB27DE1705008692ED /* FeedResponse.swift in Sources */ = {isa = PBXBuildFile; fileRef = 09702AAA27DE1705008692ED /* FeedResponse.swift */; };
		09702AAE27DE5336008692ED /* FeedCell.swift in Sources */ = {isa = PBXBuildFile; fileRef = 09702AAC27DE5336008692ED /* FeedCell.swift */; };
		09702AAF27DE5336008692ED /* FeedCell.xib in Resources */ = {isa = PBXBuildFile; fileRef = 09702AAD27DE5336008692ED /* FeedCell.xib */; };
		09702AB327DE8ABE008692ED /* FeedItem.swift in Sources */ = {isa = PBXBuildFile; fileRef = 09702AB227DE8ABE008692ED /* FeedItem.swift */; };
		09702AB527DE9E87008692ED /* CacheService.swift in Sources */ = {isa = PBXBuildFile; fileRef = 09702AB427DE9E87008692ED /* CacheService.swift */; };
		09702AB727DEA47D008692ED /* UIImageView+Extensions.swift in Sources */ = {isa = PBXBuildFile; fileRef = 09702AB627DEA47D008692ED /* UIImageView+Extensions.swift */; };
		09702ABA27DEB396008692ED /* MapViewController.swift in Sources */ = {isa = PBXBuildFile; fileRef = 09702AB827DEB396008692ED /* MapViewController.swift */; };
		09702ABB27DEB396008692ED /* MapViewController.xib in Resources */ = {isa = PBXBuildFile; fileRef = 09702AB927DEB396008692ED /* MapViewController.xib */; };
/* End PBXBuildFile section */

/* Begin PBXContainerItemProxy section */
		09275BCA27DCB34600E8F7E6 /* PBXContainerItemProxy */ = {
			isa = PBXContainerItemProxy;
			containerPortal = 09275BAB27DCB34500E8F7E6 /* Project object */;
			proxyType = 1;
			remoteGlobalIDString = 09275BB227DCB34500E8F7E6;
			remoteInfo = FeedApp;
		};
		09275BD427DCB34600E8F7E6 /* PBXContainerItemProxy */ = {
			isa = PBXContainerItemProxy;
			containerPortal = 09275BAB27DCB34500E8F7E6 /* Project object */;
			proxyType = 1;
			remoteGlobalIDString = 09275BB227DCB34500E8F7E6;
			remoteInfo = FeedApp;
		};
/* End PBXContainerItemProxy section */

/* Begin PBXFileReference section */
		09275BB327DCB34500E8F7E6 /* FeedApp.app */ = {isa = PBXFileReference; explicitFileType = wrapper.application; includeInIndex = 0; path = FeedApp.app; sourceTree = BUILT_PRODUCTS_DIR; };
		09275BB627DCB34500E8F7E6 /* AppDelegate.swift */ = {isa = PBXFileReference; lastKnownFileType = sourcecode.swift; path = AppDelegate.swift; sourceTree = "<group>"; };
		09275BBF27DCB34600E8F7E6 /* Assets.xcassets */ = {isa = PBXFileReference; lastKnownFileType = folder.assetcatalog; path = Assets.xcassets; sourceTree = "<group>"; };
		09275BC227DCB34600E8F7E6 /* Base */ = {isa = PBXFileReference; lastKnownFileType = file.storyboard; name = Base; path = Base.lproj/LaunchScreen.storyboard; sourceTree = "<group>"; };
		09275BC427DCB34600E8F7E6 /* Info.plist */ = {isa = PBXFileReference; lastKnownFileType = text.plist.xml; path = Info.plist; sourceTree = "<group>"; };
		09275BC927DCB34600E8F7E6 /* FeedAppTests.xctest */ = {isa = PBXFileReference; explicitFileType = wrapper.cfbundle; includeInIndex = 0; path = FeedAppTests.xctest; sourceTree = BUILT_PRODUCTS_DIR; };
		09275BCD27DCB34600E8F7E6 /* FeedAppTests.swift */ = {isa = PBXFileReference; lastKnownFileType = sourcecode.swift; path = FeedAppTests.swift; sourceTree = "<group>"; };
		09275BD327DCB34600E8F7E6 /* FeedAppUITests.xctest */ = {isa = PBXFileReference; explicitFileType = wrapper.cfbundle; includeInIndex = 0; path = FeedAppUITests.xctest; sourceTree = BUILT_PRODUCTS_DIR; };
		09275BD727DCB34600E8F7E6 /* FeedAppUITests.swift */ = {isa = PBXFileReference; lastKnownFileType = sourcecode.swift; path = FeedAppUITests.swift; sourceTree = "<group>"; };
		09275BD927DCB34600E8F7E6 /* FeedAppUITestsLaunchTests.swift */ = {isa = PBXFileReference; lastKnownFileType = sourcecode.swift; path = FeedAppUITestsLaunchTests.swift; sourceTree = "<group>"; };
		09275BEE27DCFB8E00E8F7E6 /* AppViewController.swift */ = {isa = PBXFileReference; lastKnownFileType = sourcecode.swift; path = AppViewController.swift; sourceTree = "<group>"; };
		09275BF027DCFE9E00E8F7E6 /* LoginViewController.swift */ = {isa = PBXFileReference; lastKnownFileType = sourcecode.swift; path = LoginViewController.swift; sourceTree = "<group>"; };
		09275BF127DCFE9E00E8F7E6 /* LoginViewController.xib */ = {isa = PBXFileReference; lastKnownFileType = file.xib; path = LoginViewController.xib; sourceTree = "<group>"; };
		09275BF727DD08AF00E8F7E6 /* UIViewController+Extensions.swift */ = {isa = PBXFileReference; lastKnownFileType = sourcecode.swift; path = "UIViewController+Extensions.swift"; sourceTree = "<group>"; };
		09275BF927DD27B800E8F7E6 /* ServiceLayer.swift */ = {isa = PBXFileReference; lastKnownFileType = sourcecode.swift; path = ServiceLayer.swift; sourceTree = "<group>"; };
		09275BFB27DD27C800E8F7E6 /* AuthService.swift */ = {isa = PBXFileReference; lastKnownFileType = sourcecode.swift; path = AuthService.swift; sourceTree = "<group>"; };
		09275BFD27DD29B900E8F7E6 /* Constants.swift */ = {isa = PBXFileReference; lastKnownFileType = sourcecode.swift; path = Constants.swift; sourceTree = "<group>"; };
		09275C0027DD3CFA00E8F7E6 /* AuthResponse.swift */ = {isa = PBXFileReference; lastKnownFileType = sourcecode.swift; path = AuthResponse.swift; sourceTree = "<group>"; };
		09275C0227DD3D1800E8F7E6 /* APIError.swift */ = {isa = PBXFileReference; lastKnownFileType = sourcecode.swift; path = APIError.swift; sourceTree = "<group>"; };
		09702AA227DE03A7008692ED /* FeedViewController.swift */ = {isa = PBXFileReference; lastKnownFileType = sourcecode.swift; path = FeedViewController.swift; sourceTree = "<group>"; };
		09702AA327DE03A7008692ED /* FeedViewController.xib */ = {isa = PBXFileReference; lastKnownFileType = file.xib; path = FeedViewController.xib; sourceTree = "<group>"; };
		09702AA827DE1610008692ED /* FeedService.swift */ = {isa = PBXFileReference; lastKnownFileType = sourcecode.swift; path = FeedService.swift; sourceTree = "<group>"; };
		09702AAA27DE1705008692ED /* FeedResponse.swift */ = {isa = PBXFileReference; lastKnownFileType = sourcecode.swift; path = FeedResponse.swift; sourceTree = "<group>"; };
		09702AAC27DE5336008692ED /* FeedCell.swift */ = {isa = PBXFileReference; lastKnownFileType = sourcecode.swift; path = FeedCell.swift; sourceTree = "<group>"; };
		09702AAD27DE5336008692ED /* FeedCell.xib */ = {isa = PBXFileReference; lastKnownFileType = file.xib; path = FeedCell.xib; sourceTree = "<group>"; };
		09702AB227DE8ABE008692ED /* FeedItem.swift */ = {isa = PBXFileReference; lastKnownFileType = sourcecode.swift; path = FeedItem.swift; sourceTree = "<group>"; };
		09702AB427DE9E87008692ED /* CacheService.swift */ = {isa = PBXFileReference; lastKnownFileType = sourcecode.swift; path = CacheService.swift; sourceTree = "<group>"; };
		09702AB627DEA47D008692ED /* UIImageView+Extensions.swift */ = {isa = PBXFileReference; lastKnownFileType = sourcecode.swift; path = "UIImageView+Extensions.swift"; sourceTree = "<group>"; };
		09702AB827DEB396008692ED /* MapViewController.swift */ = {isa = PBXFileReference; lastKnownFileType = sourcecode.swift; path = MapViewController.swift; sourceTree = "<group>"; };
		09702AB927DEB396008692ED /* MapViewController.xib */ = {isa = PBXFileReference; lastKnownFileType = file.xib; path = MapViewController.xib; sourceTree = "<group>"; };
/* End PBXFileReference section */

/* Begin PBXFrameworksBuildPhase section */
		09275BB027DCB34500E8F7E6 /* Frameworks */ = {
			isa = PBXFrameworksBuildPhase;
			buildActionMask = 2147483647;
			files = (
			);
			runOnlyForDeploymentPostprocessing = 0;
		};
		09275BC627DCB34600E8F7E6 /* Frameworks */ = {
			isa = PBXFrameworksBuildPhase;
			buildActionMask = 2147483647;
			files = (
			);
			runOnlyForDeploymentPostprocessing = 0;
		};
		09275BD027DCB34600E8F7E6 /* Frameworks */ = {
			isa = PBXFrameworksBuildPhase;
			buildActionMask = 2147483647;
			files = (
			);
			runOnlyForDeploymentPostprocessing = 0;
		};
/* End PBXFrameworksBuildPhase section */

/* Begin PBXGroup section */
		09275BAA27DCB34500E8F7E6 = {
			isa = PBXGroup;
			children = (
				09275BB527DCB34500E8F7E6 /* FeedApp */,
				09275BCC27DCB34600E8F7E6 /* FeedAppTests */,
				09275BD627DCB34600E8F7E6 /* FeedAppUITests */,
				09275BB427DCB34500E8F7E6 /* Products */,
			);
			sourceTree = "<group>";
		};
		09275BB427DCB34500E8F7E6 /* Products */ = {
			isa = PBXGroup;
			children = (
				09275BB327DCB34500E8F7E6 /* FeedApp.app */,
				09275BC927DCB34600E8F7E6 /* FeedAppTests.xctest */,
				09275BD327DCB34600E8F7E6 /* FeedAppUITests.xctest */,
			);
			name = Products;
			sourceTree = "<group>";
		};
		09275BB527DCB34500E8F7E6 /* FeedApp */ = {
			isa = PBXGroup;
			children = (
				09275BE727DCFA7500E8F7E6 /* Application */,
				09275BE927DCFAB600E8F7E6 /* Business Logic */,
				09275BE627DCFA5900E8F7E6 /* Presentation */,
				09275BE827DCFAA800E8F7E6 /* Resources */,
				09275BEA27DCFAE700E8F7E6 /* Supporting files */,
				09275BF527DD088300E8F7E6 /* Utilities */,
			);
			path = FeedApp;
			sourceTree = "<group>";
		};
		09275BCC27DCB34600E8F7E6 /* FeedAppTests */ = {
			isa = PBXGroup;
			children = (
				09275BCD27DCB34600E8F7E6 /* FeedAppTests.swift */,
			);
			path = FeedAppTests;
			sourceTree = "<group>";
		};
		09275BD627DCB34600E8F7E6 /* FeedAppUITests */ = {
			isa = PBXGroup;
			children = (
				09275BD727DCB34600E8F7E6 /* FeedAppUITests.swift */,
				09275BD927DCB34600E8F7E6 /* FeedAppUITestsLaunchTests.swift */,
			);
			path = FeedAppUITests;
			sourceTree = "<group>";
		};
		09275BE627DCFA5900E8F7E6 /* Presentation */ = {
			isa = PBXGroup;
			children = (
				09702ABC27DEBD45008692ED /* Common */,
				09275BEC27DCFB0E00E8F7E6 /* Feed */,
				09275BEB27DCFB0600E8F7E6 /* Login */,
				09275BED27DCFB1500E8F7E6 /* Map */,
			);
			path = Presentation;
			sourceTree = "<group>";
		};
		09275BE727DCFA7500E8F7E6 /* Application */ = {
			isa = PBXGroup;
			children = (
				09275BB627DCB34500E8F7E6 /* AppDelegate.swift */,
				09275BEE27DCFB8E00E8F7E6 /* AppViewController.swift */,
			);
			path = Application;
			sourceTree = "<group>";
		};
		09275BE827DCFAA800E8F7E6 /* Resources */ = {
			isa = PBXGroup;
			children = (
				09275BBF27DCB34600E8F7E6 /* Assets.xcassets */,
				09275BC127DCB34600E8F7E6 /* LaunchScreen.storyboard */,
			);
			path = Resources;
			sourceTree = "<group>";
		};
		09275BE927DCFAB600E8F7E6 /* Business Logic */ = {
			isa = PBXGroup;
			children = (
				09275BFB27DD27C800E8F7E6 /* AuthService.swift */,
				09702AA827DE1610008692ED /* FeedService.swift */,
				09275BF927DD27B800E8F7E6 /* ServiceLayer.swift */,
				09702AB427DE9E87008692ED /* CacheService.swift */,
				09702AB027DE8A6A008692ED /* APIResponse */,
				09702AB127DE8A83008692ED /* Model */,
			);
			path = "Business Logic";
			sourceTree = "<group>";
		};
		09275BEA27DCFAE700E8F7E6 /* Supporting files */ = {
			isa = PBXGroup;
			children = (
				09275BC427DCB34600E8F7E6 /* Info.plist */,
			);
			path = "Supporting files";
			sourceTree = "<group>";
		};
		09275BEB27DCFB0600E8F7E6 /* Login */ = {
			isa = PBXGroup;
			children = (
				09275BF027DCFE9E00E8F7E6 /* LoginViewController.swift */,
				09275BF127DCFE9E00E8F7E6 /* LoginViewController.xib */,
			);
			path = Login;
			sourceTree = "<group>";
		};
		09275BEC27DCFB0E00E8F7E6 /* Feed */ = {
			isa = PBXGroup;
			children = (
				09702AA227DE03A7008692ED /* FeedViewController.swift */,
				09702AA327DE03A7008692ED /* FeedViewController.xib */,
				09702AAC27DE5336008692ED /* FeedCell.swift */,
				09702AAD27DE5336008692ED /* FeedCell.xib */,
			);
			path = Feed;
			sourceTree = "<group>";
		};
		09275BED27DCFB1500E8F7E6 /* Map */ = {
			isa = PBXGroup;
			children = (
				09702AB827DEB396008692ED /* MapViewController.swift */,
				09702AB927DEB396008692ED /* MapViewController.xib */,
			);
			path = Map;
			sourceTree = "<group>";
		};
		09275BF527DD088300E8F7E6 /* Utilities */ = {
			isa = PBXGroup;
			children = (
				09275BFD27DD29B900E8F7E6 /* Constants.swift */,
			);
			path = Utilities;
			sourceTree = "<group>";
		};
		09275BF627DD089500E8F7E6 /* Extensions */ = {
			isa = PBXGroup;
			children = (
				09275BF727DD08AF00E8F7E6 /* UIViewController+Extensions.swift */,
				09702AB627DEA47D008692ED /* UIImageView+Extensions.swift */,
			);
			path = Extensions;
			sourceTree = "<group>";
		};
		09702AB027DE8A6A008692ED /* APIResponse */ = {
			isa = PBXGroup;
			children = (
				09702AAA27DE1705008692ED /* FeedResponse.swift */,
				09275C0027DD3CFA00E8F7E6 /* AuthResponse.swift */,
				09275C0227DD3D1800E8F7E6 /* APIError.swift */,
			);
			path = APIResponse;
			sourceTree = "<group>";
		};
		09702AB127DE8A83008692ED /* Model */ = {
			isa = PBXGroup;
			children = (
				09702AB227DE8ABE008692ED /* FeedItem.swift */,
			);
			path = Model;
			sourceTree = "<group>";
		};
		09702ABC27DEBD45008692ED /* Common */ = {
			isa = PBXGroup;
			children = (
				09275BF627DD089500E8F7E6 /* Extensions */,
			);
			path = Common;
			sourceTree = "<group>";
		};
/* End PBXGroup section */

/* Begin PBXNativeTarget section */
		09275BB227DCB34500E8F7E6 /* FeedApp */ = {
			isa = PBXNativeTarget;
			buildConfigurationList = 09275BDD27DCB34600E8F7E6 /* Build configuration list for PBXNativeTarget "FeedApp" */;
			buildPhases = (
				09275BAF27DCB34500E8F7E6 /* Sources */,
				09275BB027DCB34500E8F7E6 /* Frameworks */,
				09275BB127DCB34500E8F7E6 /* Resources */,
			);
			buildRules = (
			);
			dependencies = (
			);
			name = FeedApp;
			productName = FeedApp;
			productReference = 09275BB327DCB34500E8F7E6 /* FeedApp.app */;
			productType = "com.apple.product-type.application";
		};
		09275BC827DCB34600E8F7E6 /* FeedAppTests */ = {
			isa = PBXNativeTarget;
			buildConfigurationList = 09275BE027DCB34600E8F7E6 /* Build configuration list for PBXNativeTarget "FeedAppTests" */;
			buildPhases = (
				09275BC527DCB34600E8F7E6 /* Sources */,
				09275BC627DCB34600E8F7E6 /* Frameworks */,
				09275BC727DCB34600E8F7E6 /* Resources */,
			);
			buildRules = (
			);
			dependencies = (
				09275BCB27DCB34600E8F7E6 /* PBXTargetDependency */,
			);
			name = FeedAppTests;
			productName = FeedAppTests;
			productReference = 09275BC927DCB34600E8F7E6 /* FeedAppTests.xctest */;
			productType = "com.apple.product-type.bundle.unit-test";
		};
		09275BD227DCB34600E8F7E6 /* FeedAppUITests */ = {
			isa = PBXNativeTarget;
			buildConfigurationList = 09275BE327DCB34600E8F7E6 /* Build configuration list for PBXNativeTarget "FeedAppUITests" */;
			buildPhases = (
				09275BCF27DCB34600E8F7E6 /* Sources */,
				09275BD027DCB34600E8F7E6 /* Frameworks */,
				09275BD127DCB34600E8F7E6 /* Resources */,
			);
			buildRules = (
			);
			dependencies = (
				09275BD527DCB34600E8F7E6 /* PBXTargetDependency */,
			);
			name = FeedAppUITests;
			productName = FeedAppUITests;
			productReference = 09275BD327DCB34600E8F7E6 /* FeedAppUITests.xctest */;
			productType = "com.apple.product-type.bundle.ui-testing";
		};
/* End PBXNativeTarget section */

/* Begin PBXProject section */
		09275BAB27DCB34500E8F7E6 /* Project object */ = {
			isa = PBXProject;
			attributes = {
				BuildIndependentTargetsInParallel = 1;
				LastSwiftUpdateCheck = 1320;
				LastUpgradeCheck = 1320;
				TargetAttributes = {
					09275BB227DCB34500E8F7E6 = {
						CreatedOnToolsVersion = 13.2.1;
					};
					09275BC827DCB34600E8F7E6 = {
						CreatedOnToolsVersion = 13.2.1;
						TestTargetID = 09275BB227DCB34500E8F7E6;
					};
					09275BD227DCB34600E8F7E6 = {
						CreatedOnToolsVersion = 13.2.1;
						TestTargetID = 09275BB227DCB34500E8F7E6;
					};
				};
			};
			buildConfigurationList = 09275BAE27DCB34500E8F7E6 /* Build configuration list for PBXProject "FeedApp" */;
			compatibilityVersion = "Xcode 13.0";
			developmentRegion = en;
			hasScannedForEncodings = 0;
			knownRegions = (
				en,
				Base,
			);
			mainGroup = 09275BAA27DCB34500E8F7E6;
			productRefGroup = 09275BB427DCB34500E8F7E6 /* Products */;
			projectDirPath = "";
			projectRoot = "";
			targets = (
				09275BB227DCB34500E8F7E6 /* FeedApp */,
				09275BC827DCB34600E8F7E6 /* FeedAppTests */,
				09275BD227DCB34600E8F7E6 /* FeedAppUITests */,
			);
		};
/* End PBXProject section */

/* Begin PBXResourcesBuildPhase section */
		09275BB127DCB34500E8F7E6 /* Resources */ = {
			isa = PBXResourcesBuildPhase;
			buildActionMask = 2147483647;
			files = (
				09275BC327DCB34600E8F7E6 /* LaunchScreen.storyboard in Resources */,
				09702ABB27DEB396008692ED /* MapViewController.xib in Resources */,
				09275BC027DCB34600E8F7E6 /* Assets.xcassets in Resources */,
				09702AA527DE03A7008692ED /* FeedViewController.xib in Resources */,
				09275BF327DCFE9E00E8F7E6 /* LoginViewController.xib in Resources */,
				09702AAF27DE5336008692ED /* FeedCell.xib in Resources */,
			);
			runOnlyForDeploymentPostprocessing = 0;
		};
		09275BC727DCB34600E8F7E6 /* Resources */ = {
			isa = PBXResourcesBuildPhase;
			buildActionMask = 2147483647;
			files = (
			);
			runOnlyForDeploymentPostprocessing = 0;
		};
		09275BD127DCB34600E8F7E6 /* Resources */ = {
			isa = PBXResourcesBuildPhase;
			buildActionMask = 2147483647;
			files = (
			);
			runOnlyForDeploymentPostprocessing = 0;
		};
/* End PBXResourcesBuildPhase section */

/* Begin PBXSourcesBuildPhase section */
		09275BAF27DCB34500E8F7E6 /* Sources */ = {
			isa = PBXSourcesBuildPhase;
			buildActionMask = 2147483647;
			files = (
				09275BFA27DD27B800E8F7E6 /* ServiceLayer.swift in Sources */,
				09702AAE27DE5336008692ED /* FeedCell.swift in Sources */,
				09275BF827DD08AF00E8F7E6 /* UIViewController+Extensions.swift in Sources */,
				09702AA427DE03A7008692ED /* FeedViewController.swift in Sources */,
				09702AB527DE9E87008692ED /* CacheService.swift in Sources */,
				09275BF227DCFE9E00E8F7E6 /* LoginViewController.swift in Sources */,
				09275BFC27DD27C800E8F7E6 /* AuthService.swift in Sources */,
				09275BFE27DD29B900E8F7E6 /* Constants.swift in Sources */,
				09702AA927DE1610008692ED /* FeedService.swift in Sources */,
				09275BEF27DCFB8E00E8F7E6 /* AppViewController.swift in Sources */,
				09702AAB27DE1705008692ED /* FeedResponse.swift in Sources */,
				09275C0327DD3D1800E8F7E6 /* APIError.swift in Sources */,
				09275C0127DD3CFA00E8F7E6 /* AuthResponse.swift in Sources */,
				09702AB327DE8ABE008692ED /* FeedItem.swift in Sources */,
				09702AB727DEA47D008692ED /* UIImageView+Extensions.swift in Sources */,
				09275BB727DCB34500E8F7E6 /* AppDelegate.swift in Sources */,
				09702ABA27DEB396008692ED /* MapViewController.swift in Sources */,
			);
			runOnlyForDeploymentPostprocessing = 0;
		};
		09275BC527DCB34600E8F7E6 /* Sources */ = {
			isa = PBXSourcesBuildPhase;
			buildActionMask = 2147483647;
			files = (
				09275BCE27DCB34600E8F7E6 /* FeedAppTests.swift in Sources */,
			);
			runOnlyForDeploymentPostprocessing = 0;
		};
		09275BCF27DCB34600E8F7E6 /* Sources */ = {
			isa = PBXSourcesBuildPhase;
			buildActionMask = 2147483647;
			files = (
				09275BDA27DCB34600E8F7E6 /* FeedAppUITestsLaunchTests.swift in Sources */,
				09275BD827DCB34600E8F7E6 /* FeedAppUITests.swift in Sources */,
			);
			runOnlyForDeploymentPostprocessing = 0;
		};
/* End PBXSourcesBuildPhase section */

/* Begin PBXTargetDependency section */
		09275BCB27DCB34600E8F7E6 /* PBXTargetDependency */ = {
			isa = PBXTargetDependency;
			target = 09275BB227DCB34500E8F7E6 /* FeedApp */;
			targetProxy = 09275BCA27DCB34600E8F7E6 /* PBXContainerItemProxy */;
		};
		09275BD527DCB34600E8F7E6 /* PBXTargetDependency */ = {
			isa = PBXTargetDependency;
			target = 09275BB227DCB34500E8F7E6 /* FeedApp */;
			targetProxy = 09275BD427DCB34600E8F7E6 /* PBXContainerItemProxy */;
		};
/* End PBXTargetDependency section */

/* Begin PBXVariantGroup section */
		09275BC127DCB34600E8F7E6 /* LaunchScreen.storyboard */ = {
			isa = PBXVariantGroup;
			children = (
				09275BC227DCB34600E8F7E6 /* Base */,
			);
			name = LaunchScreen.storyboard;
			sourceTree = "<group>";
		};
/* End PBXVariantGroup section */

/* Begin XCBuildConfiguration section */
		09275BDB27DCB34600E8F7E6 /* Debug */ = {
			isa = XCBuildConfiguration;
			buildSettings = {
				ALWAYS_SEARCH_USER_PATHS = NO;
				CLANG_ANALYZER_NONNULL = YES;
				CLANG_ANALYZER_NUMBER_OBJECT_CONVERSION = YES_AGGRESSIVE;
				CLANG_CXX_LANGUAGE_STANDARD = "gnu++17";
				CLANG_CXX_LIBRARY = "libc++";
				CLANG_ENABLE_MODULES = YES;
				CLANG_ENABLE_OBJC_ARC = YES;
				CLANG_ENABLE_OBJC_WEAK = YES;
				CLANG_WARN_BLOCK_CAPTURE_AUTORELEASING = YES;
				CLANG_WARN_BOOL_CONVERSION = YES;
				CLANG_WARN_COMMA = YES;
				CLANG_WARN_CONSTANT_CONVERSION = YES;
				CLANG_WARN_DEPRECATED_OBJC_IMPLEMENTATIONS = YES;
				CLANG_WARN_DIRECT_OBJC_ISA_USAGE = YES_ERROR;
				CLANG_WARN_DOCUMENTATION_COMMENTS = YES;
				CLANG_WARN_EMPTY_BODY = YES;
				CLANG_WARN_ENUM_CONVERSION = YES;
				CLANG_WARN_INFINITE_RECURSION = YES;
				CLANG_WARN_INT_CONVERSION = YES;
				CLANG_WARN_NON_LITERAL_NULL_CONVERSION = YES;
				CLANG_WARN_OBJC_IMPLICIT_RETAIN_SELF = YES;
				CLANG_WARN_OBJC_LITERAL_CONVERSION = YES;
				CLANG_WARN_OBJC_ROOT_CLASS = YES_ERROR;
				CLANG_WARN_QUOTED_INCLUDE_IN_FRAMEWORK_HEADER = YES;
				CLANG_WARN_RANGE_LOOP_ANALYSIS = YES;
				CLANG_WARN_STRICT_PROTOTYPES = YES;
				CLANG_WARN_SUSPICIOUS_MOVE = YES;
				CLANG_WARN_UNGUARDED_AVAILABILITY = YES_AGGRESSIVE;
				CLANG_WARN_UNREACHABLE_CODE = YES;
				CLANG_WARN__DUPLICATE_METHOD_MATCH = YES;
				COPY_PHASE_STRIP = NO;
				DEBUG_INFORMATION_FORMAT = dwarf;
				ENABLE_STRICT_OBJC_MSGSEND = YES;
				ENABLE_TESTABILITY = YES;
				GCC_C_LANGUAGE_STANDARD = gnu11;
				GCC_DYNAMIC_NO_PIC = NO;
				GCC_NO_COMMON_BLOCKS = YES;
				GCC_OPTIMIZATION_LEVEL = 0;
				GCC_PREPROCESSOR_DEFINITIONS = (
					"DEBUG=1",
					"$(inherited)",
				);
				GCC_WARN_64_TO_32_BIT_CONVERSION = YES;
				GCC_WARN_ABOUT_RETURN_TYPE = YES_ERROR;
				GCC_WARN_UNDECLARED_SELECTOR = YES;
				GCC_WARN_UNINITIALIZED_AUTOS = YES_AGGRESSIVE;
				GCC_WARN_UNUSED_FUNCTION = YES;
				GCC_WARN_UNUSED_VARIABLE = YES;
				IPHONEOS_DEPLOYMENT_TARGET = 15.2;
				MTL_ENABLE_DEBUG_INFO = INCLUDE_SOURCE;
				MTL_FAST_MATH = YES;
				ONLY_ACTIVE_ARCH = YES;
				SDKROOT = iphoneos;
				SWIFT_ACTIVE_COMPILATION_CONDITIONS = DEBUG;
				SWIFT_OPTIMIZATION_LEVEL = "-Onone";
			};
			name = Debug;
		};
		09275BDC27DCB34600E8F7E6 /* Release */ = {
			isa = XCBuildConfiguration;
			buildSettings = {
				ALWAYS_SEARCH_USER_PATHS = NO;
				CLANG_ANALYZER_NONNULL = YES;
				CLANG_ANALYZER_NUMBER_OBJECT_CONVERSION = YES_AGGRESSIVE;
				CLANG_CXX_LANGUAGE_STANDARD = "gnu++17";
				CLANG_CXX_LIBRARY = "libc++";
				CLANG_ENABLE_MODULES = YES;
				CLANG_ENABLE_OBJC_ARC = YES;
				CLANG_ENABLE_OBJC_WEAK = YES;
				CLANG_WARN_BLOCK_CAPTURE_AUTORELEASING = YES;
				CLANG_WARN_BOOL_CONVERSION = YES;
				CLANG_WARN_COMMA = YES;
				CLANG_WARN_CONSTANT_CONVERSION = YES;
				CLANG_WARN_DEPRECATED_OBJC_IMPLEMENTATIONS = YES;
				CLANG_WARN_DIRECT_OBJC_ISA_USAGE = YES_ERROR;
				CLANG_WARN_DOCUMENTATION_COMMENTS = YES;
				CLANG_WARN_EMPTY_BODY = YES;
				CLANG_WARN_ENUM_CONVERSION = YES;
				CLANG_WARN_INFINITE_RECURSION = YES;
				CLANG_WARN_INT_CONVERSION = YES;
				CLANG_WARN_NON_LITERAL_NULL_CONVERSION = YES;
				CLANG_WARN_OBJC_IMPLICIT_RETAIN_SELF = YES;
				CLANG_WARN_OBJC_LITERAL_CONVERSION = YES;
				CLANG_WARN_OBJC_ROOT_CLASS = YES_ERROR;
				CLANG_WARN_QUOTED_INCLUDE_IN_FRAMEWORK_HEADER = YES;
				CLANG_WARN_RANGE_LOOP_ANALYSIS = YES;
				CLANG_WARN_STRICT_PROTOTYPES = YES;
				CLANG_WARN_SUSPICIOUS_MOVE = YES;
				CLANG_WARN_UNGUARDED_AVAILABILITY = YES_AGGRESSIVE;
				CLANG_WARN_UNREACHABLE_CODE = YES;
				CLANG_WARN__DUPLICATE_METHOD_MATCH = YES;
				COPY_PHASE_STRIP = NO;
				DEBUG_INFORMATION_FORMAT = "dwarf-with-dsym";
				ENABLE_NS_ASSERTIONS = NO;
				ENABLE_STRICT_OBJC_MSGSEND = YES;
				GCC_C_LANGUAGE_STANDARD = gnu11;
				GCC_NO_COMMON_BLOCKS = YES;
				GCC_WARN_64_TO_32_BIT_CONVERSION = YES;
				GCC_WARN_ABOUT_RETURN_TYPE = YES_ERROR;
				GCC_WARN_UNDECLARED_SELECTOR = YES;
				GCC_WARN_UNINITIALIZED_AUTOS = YES_AGGRESSIVE;
				GCC_WARN_UNUSED_FUNCTION = YES;
				GCC_WARN_UNUSED_VARIABLE = YES;
				IPHONEOS_DEPLOYMENT_TARGET = 15.2;
				MTL_ENABLE_DEBUG_INFO = NO;
				MTL_FAST_MATH = YES;
				SDKROOT = iphoneos;
				SWIFT_COMPILATION_MODE = wholemodule;
				SWIFT_OPTIMIZATION_LEVEL = "-O";
				VALIDATE_PRODUCT = YES;
			};
			name = Release;
		};
		09275BDE27DCB34600E8F7E6 /* Debug */ = {
			isa = XCBuildConfiguration;
			buildSettings = {
				ASSETCATALOG_COMPILER_APPICON_NAME = AppIcon;
				ASSETCATALOG_COMPILER_GLOBAL_ACCENT_COLOR_NAME = AccentColor;
				CODE_SIGN_STYLE = Automatic;
				CURRENT_PROJECT_VERSION = 1;
				DEVELOPMENT_TEAM = 7ZK9E97T8K;
				GENERATE_INFOPLIST_FILE = YES;
				INFOPLIST_FILE = "FeedApp/Supporting files/Info.plist";
				INFOPLIST_KEY_UIApplicationSupportsIndirectInputEvents = YES;
				INFOPLIST_KEY_UILaunchStoryboardName = LaunchScreen;
				INFOPLIST_KEY_UISupportedInterfaceOrientations = UIInterfaceOrientationPortrait;
				INFOPLIST_KEY_UISupportedInterfaceOrientations_iPad = "UIInterfaceOrientationPortrait UIInterfaceOrientationPortraitUpsideDown UIInterfaceOrientationLandscapeLeft UIInterfaceOrientationLandscapeRight";
				INFOPLIST_KEY_UISupportedInterfaceOrientations_iPhone = "UIInterfaceOrientationPortrait UIInterfaceOrientationLandscapeLeft UIInterfaceOrientationLandscapeRight";
				IPHONEOS_DEPLOYMENT_TARGET = 14.0;
				LD_RUNPATH_SEARCH_PATHS = (
					"$(inherited)",
					"@executable_path/Frameworks",
				);
				MARKETING_VERSION = 1.0;
				PRODUCT_BUNDLE_IDENTIFIER = ilyabiltuev.FeedApp;
				PRODUCT_NAME = "$(TARGET_NAME)";
				SWIFT_EMIT_LOC_STRINGS = YES;
				SWIFT_VERSION = 5.0;
				TARGETED_DEVICE_FAMILY = 1;
			};
			name = Debug;
		};
		09275BDF27DCB34600E8F7E6 /* Release */ = {
			isa = XCBuildConfiguration;
			buildSettings = {
				ASSETCATALOG_COMPILER_APPICON_NAME = AppIcon;
				ASSETCATALOG_COMPILER_GLOBAL_ACCENT_COLOR_NAME = AccentColor;
				CODE_SIGN_STYLE = Automatic;
				CURRENT_PROJECT_VERSION = 1;
				DEVELOPMENT_TEAM = 7ZK9E97T8K;
				GENERATE_INFOPLIST_FILE = YES;
				INFOPLIST_FILE = "FeedApp/Supporting files/Info.plist";
				INFOPLIST_KEY_UIApplicationSupportsIndirectInputEvents = YES;
				INFOPLIST_KEY_UILaunchStoryboardName = LaunchScreen;
				INFOPLIST_KEY_UISupportedInterfaceOrientations = UIInterfaceOrientationPortrait;
				INFOPLIST_KEY_UISupportedInterfaceOrientations_iPad = "UIInterfaceOrientationPortrait UIInterfaceOrientationPortraitUpsideDown UIInterfaceOrientationLandscapeLeft UIInterfaceOrientationLandscapeRight";
				INFOPLIST_KEY_UISupportedInterfaceOrientations_iPhone = "UIInterfaceOrientationPortrait UIInterfaceOrientationLandscapeLeft UIInterfaceOrientationLandscapeRight";
				IPHONEOS_DEPLOYMENT_TARGET = 14.0;
				LD_RUNPATH_SEARCH_PATHS = (
					"$(inherited)",
					"@executable_path/Frameworks",
				);
				MARKETING_VERSION = 1.0;
				PRODUCT_BUNDLE_IDENTIFIER = ilyabiltuev.FeedApp;
				PRODUCT_NAME = "$(TARGET_NAME)";
				SWIFT_EMIT_LOC_STRINGS = YES;
				SWIFT_VERSION = 5.0;
				TARGETED_DEVICE_FAMILY = 1;
			};
			name = Release;
		};
		09275BE127DCB34600E8F7E6 /* Debug */ = {
			isa = XCBuildConfiguration;
			buildSettings = {
				ALWAYS_EMBED_SWIFT_STANDARD_LIBRARIES = YES;
				BUNDLE_LOADER = "$(TEST_HOST)";
				CODE_SIGN_STYLE = Automatic;
				CURRENT_PROJECT_VERSION = 1;
				DEVELOPMENT_TEAM = 7ZK9E97T8K;
				GENERATE_INFOPLIST_FILE = YES;
				IPHONEOS_DEPLOYMENT_TARGET = 15.2;
				MARKETING_VERSION = 1.0;
				PRODUCT_BUNDLE_IDENTIFIER = ilyabiltuev.FeedAppTests;
				PRODUCT_NAME = "$(TARGET_NAME)";
				SWIFT_EMIT_LOC_STRINGS = NO;
				SWIFT_VERSION = 5.0;
				TARGETED_DEVICE_FAMILY = "1,2";
				TEST_HOST = "$(BUILT_PRODUCTS_DIR)/FeedApp.app/FeedApp";
			};
			name = Debug;
		};
		09275BE227DCB34600E8F7E6 /* Release */ = {
			isa = XCBuildConfiguration;
			buildSettings = {
				ALWAYS_EMBED_SWIFT_STANDARD_LIBRARIES = YES;
				BUNDLE_LOADER = "$(TEST_HOST)";
				CODE_SIGN_STYLE = Automatic;
				CURRENT_PROJECT_VERSION = 1;
				DEVELOPMENT_TEAM = 7ZK9E97T8K;
				GENERATE_INFOPLIST_FILE = YES;
				IPHONEOS_DEPLOYMENT_TARGET = 15.2;
				MARKETING_VERSION = 1.0;
				PRODUCT_BUNDLE_IDENTIFIER = ilyabiltuev.FeedAppTests;
				PRODUCT_NAME = "$(TARGET_NAME)";
				SWIFT_EMIT_LOC_STRINGS = NO;
				SWIFT_VERSION = 5.0;
				TARGETED_DEVICE_FAMILY = "1,2";
				TEST_HOST = "$(BUILT_PRODUCTS_DIR)/FeedApp.app/FeedApp";
			};
			name = Release;
		};
		09275BE427DCB34600E8F7E6 /* Debug */ = {
			isa = XCBuildConfiguration;
			buildSettings = {
				ALWAYS_EMBED_SWIFT_STANDARD_LIBRARIES = YES;
				CODE_SIGN_STYLE = Automatic;
				CURRENT_PROJECT_VERSION = 1;
				DEVELOPMENT_TEAM = 7ZK9E97T8K;
				GENERATE_INFOPLIST_FILE = YES;
				MARKETING_VERSION = 1.0;
				PRODUCT_BUNDLE_IDENTIFIER = ilyabiltuev.FeedAppUITests;
				PRODUCT_NAME = "$(TARGET_NAME)";
				SWIFT_EMIT_LOC_STRINGS = NO;
				SWIFT_VERSION = 5.0;
				TARGETED_DEVICE_FAMILY = "1,2";
				TEST_TARGET_NAME = FeedApp;
			};
			name = Debug;
		};
		09275BE527DCB34600E8F7E6 /* Release */ = {
			isa = XCBuildConfiguration;
			buildSettings = {
				ALWAYS_EMBED_SWIFT_STANDARD_LIBRARIES = YES;
				CODE_SIGN_STYLE = Automatic;
				CURRENT_PROJECT_VERSION = 1;
				DEVELOPMENT_TEAM = 7ZK9E97T8K;
				GENERATE_INFOPLIST_FILE = YES;
				MARKETING_VERSION = 1.0;
				PRODUCT_BUNDLE_IDENTIFIER = ilyabiltuev.FeedAppUITests;
				PRODUCT_NAME = "$(TARGET_NAME)";
				SWIFT_EMIT_LOC_STRINGS = NO;
				SWIFT_VERSION = 5.0;
				TARGETED_DEVICE_FAMILY = "1,2";
				TEST_TARGET_NAME = FeedApp;
			};
			name = Release;
		};
/* End XCBuildConfiguration section */

/* Begin XCConfigurationList section */
		09275BAE27DCB34500E8F7E6 /* Build configuration list for PBXProject "FeedApp" */ = {
			isa = XCConfigurationList;
			buildConfigurations = (
				09275BDB27DCB34600E8F7E6 /* Debug */,
				09275BDC27DCB34600E8F7E6 /* Release */,
			);
			defaultConfigurationIsVisible = 0;
			defaultConfigurationName = Release;
		};
		09275BDD27DCB34600E8F7E6 /* Build configuration list for PBXNativeTarget "FeedApp" */ = {
			isa = XCConfigurationList;
			buildConfigurations = (
				09275BDE27DCB34600E8F7E6 /* Debug */,
				09275BDF27DCB34600E8F7E6 /* Release */,
			);
			defaultConfigurationIsVisible = 0;
			defaultConfigurationName = Release;
		};
		09275BE027DCB34600E8F7E6 /* Build configuration list for PBXNativeTarget "FeedAppTests" */ = {
			isa = XCConfigurationList;
			buildConfigurations = (
				09275BE127DCB34600E8F7E6 /* Debug */,
				09275BE227DCB34600E8F7E6 /* Release */,
			);
			defaultConfigurationIsVisible = 0;
			defaultConfigurationName = Release;
		};
		09275BE327DCB34600E8F7E6 /* Build configuration list for PBXNativeTarget "FeedAppUITests" */ = {
			isa = XCConfigurationList;
			buildConfigurations = (
				09275BE427DCB34600E8F7E6 /* Debug */,
				09275BE527DCB34600E8F7E6 /* Release */,
			);
			defaultConfigurationIsVisible = 0;
			defaultConfigurationName = Release;
		};
/* End XCConfigurationList section */
	};
	rootObject = 09275BAB27DCB34500E8F7E6 /* Project object */;
}
